<?xml version="1.0" encoding="UTF-8" standalone="yes" ?>
<CodeBlocks_project_file>
	<FileVersion major="1" minor="6" />
	<Project>
		<Option title="CinemaGuru" />
		<Option pch_mode="2" />
		<Option compiler="gcc" />
		<Build>
			<Target title="Debug">
				<Option output="bin/Debug/CinemaGuru" prefix_auto="1" extension_auto="1" />
				<Option object_output="obj/Debug/" />
				<Option type="1" />
				<Option compiler="gcc" />
				<Compiler>
					<Add option="-Wnon-virtual-dtor" />
					<Add option="-Wshadow" />
					<Add option="-Winit-self" />
					<Add option="-Wredundant-decls" />
					<Add option="-Wcast-align" />
					<Add option="-Wundef" />
					<Add option="-Winline" />
					<Add option="-Wunreachable-code" />
					<Add option="-Wmissing-declarations" />
					<Add option="-Wmissing-include-dirs" />
					<Add option="-Wswitch-enum" />
					<Add option="-Wswitch-default" />
					<Add option="-Wmain" />
					<Add option="-pedantic" />
					<Add option="-std=c++11" />
					<Add option="-Wextra" />
					<Add option="-Wall" />
					<Add directory="include" />
				</Compiler>
				<Linker>
					<Add option="-std=c++11" />
				</Linker>
			</Target>
			<Target title="Release">
				<Option output="bin/Release/CinemaGuru" prefix_auto="1" extension_auto="1" />
				<Option object_output="obj/Release/" />
				<Option type="1" />
				<Option compiler="gcc" />
				<Compiler>
					<Add option="-O2" />
					<Add directory="include" />
				</Compiler>
				<Linker>
					<Add option="-s" />
				</Linker>
			</Target>
		</Build>
		<Compiler>
			<Add option="-Wnon-virtual-dtor" />
			<Add option="-Wshadow" />
			<Add option="-Winit-self" />
			<Add option="-Wredundant-decls" />
			<Add option="-Wcast-align" />
			<Add option="-Wundef" />
			<Add option="-Winline" />
			<Add option="-Wunreachable-code" />
			<Add option="-Wmissing-declarations" />
			<Add option="-Wmissing-include-dirs" />
			<Add option="-Wswitch-enum" />
			<Add option="-Wswitch-default" />
			<Add option="-Wmain" />
			<Add option="-std=c++11" />
			<Add option="-Wextra" />
			<Add option="-Wall" />
			<Add option="-g" />
			<Add option="-fexceptions" />
		</Compiler>
		<Unit filename="include/Calendar.h" />
		<Unit filename="include/Cinema.h" />
		<Unit filename="include/DecisionMaker.h" />
		<Unit filename="include/Global.h" />
		<Unit filename="include/Movie.h" />
		<Unit filename="include/RandomEvent.h" />
		<Unit filename="include/RandomEventHandler.h" />
		<Unit filename="include/Theater.h" />
		<Unit filename="main.cpp" />
		<Unit filename="src/Calendar.cpp" />
		<Unit filename="src/Cinema.cpp" />
		<Unit filename="src/DecisionMaker.cpp" />
		<Unit filename="src/Global.cpp" />
		<Unit filename="src/Movie.cpp" />
		<Unit filename="src/RandomEvent.cpp" />
		<Unit filename="src/RandomEventHandler.cpp" />
		<Unit filename="src/Theater.cpp" />
		<Extensions>
			<code_completion />
			<envvars />
			<debugger />
			<lib_finder disable_auto="1" />
		</Extensions>
	</Project>
</CodeBlocks_project_file>
